
Microsoft Visual Studio Solution File, Format Version 11.00
# Visual Studio 2010
Project("{FAE04EC0-301F-11D3-BF4B-00C04F79EFBC}") = "OutlookPrivacyPlugin", "OutlookPrivacyPlugin\OutlookPrivacyPlugin.csproj", "{FB67B76B-A76C-4211-B92A-7C45904B70A9}"
EndProject
Project("{FAE04EC0-301F-11D3-BF4B-00C04F79EFBC}") = "OutlookPrivacyPlugin.Security", "OutlookPrivacyPlugin.Security\OutlookPrivacyPlugin.Security.csproj", "{56E8E807-0807-45E0-B19A-98912AE47630}"
EndProject
Project("{FAE04EC0-301F-11D3-BF4B-00C04F79EFBC}") = "SharpMimeTools", "References\SharpMimeTools\SharpMimeTools.csproj", "{D5CEEE86-95B6-4F17-B19A-BCF3CB2B1E0B}"
EndProject
Project("{FAE04EC0-301F-11D3-BF4B-00C04F79EFBC}") = "gpgme-sharp", "3rdParty\gpgme-sharp\gpgme-sharp\gpgme-sharp.csproj", "{5523357F-F3CA-4E25-B6EC-30EE3F5D769D}"
EndProject
Global
	GlobalSection(SolutionConfigurationPlatforms) = preSolution
		Debug|Any CPU = Debug|Any CPU
		Release|Any CPU = Release|Any CPU
	EndGlobalSection
	GlobalSection(ProjectConfigurationPlatforms) = postSolution
		{FB67B76B-A76C-4211-B92A-7C45904B70A9}.Debug|Any CPU.ActiveCfg = Debug|Any CPU
		{FB67B76B-A76C-4211-B92A-7C45904B70A9}.Debug|Any CPU.Build.0 = Debug|Any CPU
		{FB67B76B-A76C-4211-B92A-7C45904B70A9}.Release|Any CPU.ActiveCfg = Release|Any CPU
		{FB67B76B-A76C-4211-B92A-7C45904B70A9}.Release|Any CPU.Build.0 = Release|Any CPU
		{56E8E807-0807-45E0-B19A-98912AE47630}.Debug|Any CPU.ActiveCfg = Debug|Any CPU
		{56E8E807-0807-45E0-B19A-98912AE47630}.Debug|Any CPU.Build.0 = Debug|Any CPU
		{56E8E807-0807-45E0-B19A-98912AE47630}.Release|Any CPU.ActiveCfg = Release|Any CPU
		{56E8E807-0807-45E0-B19A-98912AE47630}.Release|Any CPU.Build.0 = Release|Any CPU
		{D5CEEE86-95B6-4F17-B19A-BCF3CB2B1E0B}.Debug|Any CPU.ActiveCfg = Debug|Any CPU
		{D5CEEE86-95B6-4F17-B19A-BCF3CB2B1E0B}.Debug|Any CPU.Build.0 = Debug|Any CPU
		{D5CEEE86-95B6-4F17-B19A-BCF3CB2B1E0B}.Release|Any CPU.ActiveCfg = Release|Any CPU
		{D5CEEE86-95B6-4F17-B19A-BCF3CB2B1E0B}.Release|Any CPU.Build.0 = Release|Any CPU
		{5523357F-F3CA-4E25-B6EC-30EE3F5D769D}.Debug|Any CPU.ActiveCfg = Debug|Any CPU
		{5523357F-F3CA-4E25-B6EC-30EE3F5D769D}.Debug|Any CPU.Build.0 = Debug|Any CPU
		{5523357F-F3CA-4E25-B6EC-30EE3F5D769D}.Release|Any CPU.ActiveCfg = Release|Any CPU
		{5523357F-F3CA-4E25-B6EC-30EE3F5D769D}.Release|Any CPU.Build.0 = Release|Any CPU
	EndGlobalSection
	GlobalSection(SolutionProperties) = preSolution
		HideSolutionNode = FALSE
	EndGlobalSection
EndGlobal
