
Microsoft Visual Studio Solution File, Format Version 12.00
# Visual Studio 2013
VisualStudioVersion = 12.0.31101.0
MinimumVisualStudioVersion = 10.0.40219.1
Project("{FAE04EC0-301F-11D3-BF4B-00C04F79EFBC}") = "OutlookPrivacyPlugin", "OutlookPrivacyPlugin\OutlookPrivacyPlugin.csproj", "{1BF6A6EE-74FC-40DD-ABC2-6F8D12A76610}"
EndProject
Project("{FAE04EC0-301F-11D3-BF4B-00C04F79EFBC}") = "Deja.Crypto", "Deja.Crypto\Deja.Crypto.csproj", "{228E6B06-76AC-42AE-8EE6-035DA96043EC}"
EndProject
Project("{FAE04EC0-301F-11D3-BF4B-00C04F79EFBC}") = "OutlookPrivacyPlugin.Security", "OutlookPrivacyPlugin.Security\OutlookPrivacyPlugin.Security.csproj", "{56E8E807-0807-45E0-B19A-98912AE47630}"
EndProject
Project("{FAE04EC0-301F-11D3-BF4B-00C04F79EFBC}") = "TestApp", "TestApp\TestApp.csproj", "{6972D1B3-F675-48C1-AF05-BD7A2F95C614}"
EndProject
Project("{6141683F-8A12-4E36-9623-2EB02B2C2303}") = "Installer", "Installer\Installer.isproj", "{11F9CBD4-6399-4B87-9120-F038EEF6D2E9}"
	ProjectSection(ProjectDependencies) = postProject
		{228E6B06-76AC-42AE-8EE6-035DA96043EC} = {228E6B06-76AC-42AE-8EE6-035DA96043EC}
		{56E8E807-0807-45E0-B19A-98912AE47630} = {56E8E807-0807-45E0-B19A-98912AE47630}
		{87B25B2B-10E4-4A09-B682-7267CD3123BA} = {87B25B2B-10E4-4A09-B682-7267CD3123BA}
		{38872A5F-E87E-4FAD-B109-8EB7B2E6A4A0} = {38872A5F-E87E-4FAD-B109-8EB7B2E6A4A0}
		{6972D1B3-F675-48C1-AF05-BD7A2F95C614} = {6972D1B3-F675-48C1-AF05-BD7A2F95C614}
		{1BF6A6EE-74FC-40DD-ABC2-6F8D12A76610} = {1BF6A6EE-74FC-40DD-ABC2-6F8D12A76610}
	EndProjectSection
EndProject
Project("{FAE04EC0-301F-11D3-BF4B-00C04F79EFBC}") = "MimeKitLite.Net40", "MimeKit\MimeKitLite.Net40.csproj", "{87B25B2B-10E4-4A09-B682-7267CD3123BA}"
EndProject
Project("{FAE04EC0-301F-11D3-BF4B-00C04F79EFBC}") = "Org.BouncyCastle", "3rdParty\bccrypto-net-05282015\crypto\Org.BouncyCastle.csproj", "{38872A5F-E87E-4FAD-B109-8EB7B2E6A4A0}"
EndProject
Global
	GlobalSection(SolutionConfigurationPlatforms) = preSolution
		CD_ROM|Any CPU = CD_ROM|Any CPU
		Debug|Any CPU = Debug|Any CPU
		DVD-5|Any CPU = DVD-5|Any CPU
		Release|Any CPU = Release|Any CPU
		SingleImage|Any CPU = SingleImage|Any CPU
	EndGlobalSection
	GlobalSection(ProjectConfigurationPlatforms) = postSolution
		{1BF6A6EE-74FC-40DD-ABC2-6F8D12A76610}.CD_ROM|Any CPU.ActiveCfg = Release|Any CPU
		{1BF6A6EE-74FC-40DD-ABC2-6F8D12A76610}.CD_ROM|Any CPU.Build.0 = Release|Any CPU
		{1BF6A6EE-74FC-40DD-ABC2-6F8D12A76610}.Debug|Any CPU.ActiveCfg = Debug|Any CPU
		{1BF6A6EE-74FC-40DD-ABC2-6F8D12A76610}.Debug|Any CPU.Build.0 = Debug|Any CPU
		{1BF6A6EE-74FC-40DD-ABC2-6F8D12A76610}.DVD-5|Any CPU.ActiveCfg = Debug|Any CPU
		{1BF6A6EE-74FC-40DD-ABC2-6F8D12A76610}.DVD-5|Any CPU.Build.0 = Debug|Any CPU
		{1BF6A6EE-74FC-40DD-ABC2-6F8D12A76610}.Release|Any CPU.ActiveCfg = Release|Any CPU
		{1BF6A6EE-74FC-40DD-ABC2-6F8D12A76610}.Release|Any CPU.Build.0 = Release|Any CPU
		{1BF6A6EE-74FC-40DD-ABC2-6F8D12A76610}.SingleImage|Any CPU.ActiveCfg = Release|Any CPU
		{1BF6A6EE-74FC-40DD-ABC2-6F8D12A76610}.SingleImage|Any CPU.Build.0 = Release|Any CPU
		{228E6B06-76AC-42AE-8EE6-035DA96043EC}.CD_ROM|Any CPU.ActiveCfg = Release|Any CPU
		{228E6B06-76AC-42AE-8EE6-035DA96043EC}.CD_ROM|Any CPU.Build.0 = Release|Any CPU
		{228E6B06-76AC-42AE-8EE6-035DA96043EC}.Debug|Any CPU.ActiveCfg = Debug|Any CPU
		{228E6B06-76AC-42AE-8EE6-035DA96043EC}.Debug|Any CPU.Build.0 = Debug|Any CPU
		{228E6B06-76AC-42AE-8EE6-035DA96043EC}.DVD-5|Any CPU.ActiveCfg = Debug|Any CPU
		{228E6B06-76AC-42AE-8EE6-035DA96043EC}.DVD-5|Any CPU.Build.0 = Debug|Any CPU
		{228E6B06-76AC-42AE-8EE6-035DA96043EC}.Release|Any CPU.ActiveCfg = Release|Any CPU
		{228E6B06-76AC-42AE-8EE6-035DA96043EC}.Release|Any CPU.Build.0 = Release|Any CPU
		{228E6B06-76AC-42AE-8EE6-035DA96043EC}.SingleImage|Any CPU.ActiveCfg = Release|Any CPU
		{228E6B06-76AC-42AE-8EE6-035DA96043EC}.SingleImage|Any CPU.Build.0 = Release|Any CPU
		{56E8E807-0807-45E0-B19A-98912AE47630}.CD_ROM|Any CPU.ActiveCfg = Release|Any CPU
		{56E8E807-0807-45E0-B19A-98912AE47630}.CD_ROM|Any CPU.Build.0 = Release|Any CPU
		{56E8E807-0807-45E0-B19A-98912AE47630}.Debug|Any CPU.ActiveCfg = Debug|Any CPU
		{56E8E807-0807-45E0-B19A-98912AE47630}.Debug|Any CPU.Build.0 = Debug|Any CPU
		{56E8E807-0807-45E0-B19A-98912AE47630}.DVD-5|Any CPU.ActiveCfg = Debug|Any CPU
		{56E8E807-0807-45E0-B19A-98912AE47630}.DVD-5|Any CPU.Build.0 = Debug|Any CPU
		{56E8E807-0807-45E0-B19A-98912AE47630}.Release|Any CPU.ActiveCfg = Release|Any CPU
		{56E8E807-0807-45E0-B19A-98912AE47630}.Release|Any CPU.Build.0 = Release|Any CPU
		{56E8E807-0807-45E0-B19A-98912AE47630}.SingleImage|Any CPU.ActiveCfg = Release|Any CPU
		{56E8E807-0807-45E0-B19A-98912AE47630}.SingleImage|Any CPU.Build.0 = Release|Any CPU
		{6972D1B3-F675-48C1-AF05-BD7A2F95C614}.CD_ROM|Any CPU.ActiveCfg = Release|Any CPU
		{6972D1B3-F675-48C1-AF05-BD7A2F95C614}.CD_ROM|Any CPU.Build.0 = Release|Any CPU
		{6972D1B3-F675-48C1-AF05-BD7A2F95C614}.Debug|Any CPU.ActiveCfg = Debug|Any CPU
		{6972D1B3-F675-48C1-AF05-BD7A2F95C614}.Debug|Any CPU.Build.0 = Debug|Any CPU
		{6972D1B3-F675-48C1-AF05-BD7A2F95C614}.DVD-5|Any CPU.ActiveCfg = Debug|Any CPU
		{6972D1B3-F675-48C1-AF05-BD7A2F95C614}.DVD-5|Any CPU.Build.0 = Debug|Any CPU
		{6972D1B3-F675-48C1-AF05-BD7A2F95C614}.Release|Any CPU.ActiveCfg = Release|Any CPU
		{6972D1B3-F675-48C1-AF05-BD7A2F95C614}.Release|Any CPU.Build.0 = Release|Any CPU
		{6972D1B3-F675-48C1-AF05-BD7A2F95C614}.SingleImage|Any CPU.ActiveCfg = Release|Any CPU
		{6972D1B3-F675-48C1-AF05-BD7A2F95C614}.SingleImage|Any CPU.Build.0 = Release|Any CPU
		{11F9CBD4-6399-4B87-9120-F038EEF6D2E9}.CD_ROM|Any CPU.ActiveCfg = CD_ROM
		{11F9CBD4-6399-4B87-9120-F038EEF6D2E9}.CD_ROM|Any CPU.Build.0 = CD_ROM
		{11F9CBD4-6399-4B87-9120-F038EEF6D2E9}.Debug|Any CPU.ActiveCfg = DVD-5
		{11F9CBD4-6399-4B87-9120-F038EEF6D2E9}.Debug|Any CPU.Build.0 = DVD-5
		{11F9CBD4-6399-4B87-9120-F038EEF6D2E9}.DVD-5|Any CPU.ActiveCfg = DVD-5
		{11F9CBD4-6399-4B87-9120-F038EEF6D2E9}.DVD-5|Any CPU.Build.0 = DVD-5
		{11F9CBD4-6399-4B87-9120-F038EEF6D2E9}.Release|Any CPU.ActiveCfg = SingleImage
		{11F9CBD4-6399-4B87-9120-F038EEF6D2E9}.SingleImage|Any CPU.ActiveCfg = SingleImage
		{11F9CBD4-6399-4B87-9120-F038EEF6D2E9}.SingleImage|Any CPU.Build.0 = SingleImage
		{87B25B2B-10E4-4A09-B682-7267CD3123BA}.CD_ROM|Any CPU.ActiveCfg = Release|Any CPU
		{87B25B2B-10E4-4A09-B682-7267CD3123BA}.CD_ROM|Any CPU.Build.0 = Release|Any CPU
		{87B25B2B-10E4-4A09-B682-7267CD3123BA}.Debug|Any CPU.ActiveCfg = Debug|Any CPU
		{87B25B2B-10E4-4A09-B682-7267CD3123BA}.Debug|Any CPU.Build.0 = Debug|Any CPU
		{87B25B2B-10E4-4A09-B682-7267CD3123BA}.DVD-5|Any CPU.ActiveCfg = Debug|Any CPU
		{87B25B2B-10E4-4A09-B682-7267CD3123BA}.DVD-5|Any CPU.Build.0 = Debug|Any CPU
		{87B25B2B-10E4-4A09-B682-7267CD3123BA}.Release|Any CPU.ActiveCfg = Release|Any CPU
		{87B25B2B-10E4-4A09-B682-7267CD3123BA}.Release|Any CPU.Build.0 = Release|Any CPU
		{87B25B2B-10E4-4A09-B682-7267CD3123BA}.SingleImage|Any CPU.ActiveCfg = Release|Any CPU
		{87B25B2B-10E4-4A09-B682-7267CD3123BA}.SingleImage|Any CPU.Build.0 = Release|Any CPU
		{38872A5F-E87E-4FAD-B109-8EB7B2E6A4A0}.CD_ROM|Any CPU.ActiveCfg = Release|Any CPU
		{38872A5F-E87E-4FAD-B109-8EB7B2E6A4A0}.CD_ROM|Any CPU.Build.0 = Release|Any CPU
		{38872A5F-E87E-4FAD-B109-8EB7B2E6A4A0}.Debug|Any CPU.ActiveCfg = Debug|Any CPU
		{38872A5F-E87E-4FAD-B109-8EB7B2E6A4A0}.Debug|Any CPU.Build.0 = Debug|Any CPU
		{38872A5F-E87E-4FAD-B109-8EB7B2E6A4A0}.DVD-5|Any CPU.ActiveCfg = Debug|Any CPU
		{38872A5F-E87E-4FAD-B109-8EB7B2E6A4A0}.DVD-5|Any CPU.Build.0 = Debug|Any CPU
		{38872A5F-E87E-4FAD-B109-8EB7B2E6A4A0}.Release|Any CPU.ActiveCfg = Release|Any CPU
		{38872A5F-E87E-4FAD-B109-8EB7B2E6A4A0}.Release|Any CPU.Build.0 = Release|Any CPU
		{38872A5F-E87E-4FAD-B109-8EB7B2E6A4A0}.SingleImage|Any CPU.ActiveCfg = Release|Any CPU
		{38872A5F-E87E-4FAD-B109-8EB7B2E6A4A0}.SingleImage|Any CPU.Build.0 = Release|Any CPU
	EndGlobalSection
	GlobalSection(SolutionProperties) = preSolution
		HideSolutionNode = FALSE
	EndGlobalSection
EndGlobal
